
Microsoft Visual Studio Solution File, Format Version 12.00
# Visual Studio 15
VisualStudioVersion = 15.0.28010.0
MinimumVisualStudioVersion = 10.0.40219.1
Project("{FAE04EC0-301F-11D3-BF4B-00C04F79EFBC}") = "MainApplication", "MainApplication\MainApplication.csproj", "{8C9FC396-F617-4E51-BBF7-0DF7EC04F445}"
EndProject
Project("{FAE04EC0-301F-11D3-BF4B-00C04F79EFBC}") = "Models", "Models\Models.csproj", "{49029664-774C-4EAB-9306-E39744AB09F1}"
EndProject
Project("{FAE04EC0-301F-11D3-BF4B-00C04F79EFBC}") = "ReaderStructure", "ReaderStructure\ReaderStructure.csproj", "{A271F3AB-18FC-4E12-B61B-AA5F985C47C3}"
EndProject
Project("{FAE04EC0-301F-11D3-BF4B-00C04F79EFBC}") = "DAL", "DAL\DAL.csproj", "{FB576DA3-0719-4698-AEA9-6DD320B85872}"
EndProject
Project("{FAE04EC0-301F-11D3-BF4B-00C04F79EFBC}") = "ConsoleApp", "ConsoleApp\ConsoleApp.csproj", "{8CB9B597-8D5F-4EA2-8300-12ACD8332CF0}"
EndProject
Project("{FAE04EC0-301F-11D3-BF4B-00C04F79EFBC}") = "Controller", "Controller\Controller.csproj", "{B7BBB63C-6A2A-485D-BFE4-9EDA5F3D07E8}"
EndProject
Project("{2150E333-8FDC-42A3-9474-1A3956D46DE8}") = "MVC", "MVC", "{8FE77B30-D617-48EF-87A0-97BF2DD67F78}"
EndProject
Global
	GlobalSection(SolutionConfigurationPlatforms) = preSolution
		Debug|Any CPU = Debug|Any CPU
		Release|Any CPU = Release|Any CPU
	EndGlobalSection
	GlobalSection(ProjectConfigurationPlatforms) = postSolution
		{8C9FC396-F617-4E51-BBF7-0DF7EC04F445}.Debug|Any CPU.ActiveCfg = Debug|Any CPU
		{8C9FC396-F617-4E51-BBF7-0DF7EC04F445}.Debug|Any CPU.Build.0 = Debug|Any CPU
		{8C9FC396-F617-4E51-BBF7-0DF7EC04F445}.Release|Any CPU.ActiveCfg = Release|Any CPU
		{8C9FC396-F617-4E51-BBF7-0DF7EC04F445}.Release|Any CPU.Build.0 = Release|Any CPU
		{49029664-774C-4EAB-9306-E39744AB09F1}.Debug|Any CPU.ActiveCfg = Debug|Any CPU
		{49029664-774C-4EAB-9306-E39744AB09F1}.Debug|Any CPU.Build.0 = Debug|Any CPU
		{49029664-774C-4EAB-9306-E39744AB09F1}.Release|Any CPU.ActiveCfg = Release|Any CPU
		{49029664-774C-4EAB-9306-E39744AB09F1}.Release|Any CPU.Build.0 = Release|Any CPU
		{A271F3AB-18FC-4E12-B61B-AA5F985C47C3}.Debug|Any CPU.ActiveCfg = Debug|Any CPU
		{A271F3AB-18FC-4E12-B61B-AA5F985C47C3}.Debug|Any CPU.Build.0 = Debug|Any CPU
		{A271F3AB-18FC-4E12-B61B-AA5F985C47C3}.Release|Any CPU.ActiveCfg = Release|Any CPU
		{A271F3AB-18FC-4E12-B61B-AA5F985C47C3}.Release|Any CPU.Build.0 = Release|Any CPU
		{FB576DA3-0719-4698-AEA9-6DD320B85872}.Debug|Any CPU.ActiveCfg = Debug|Any CPU
		{FB576DA3-0719-4698-AEA9-6DD320B85872}.Debug|Any CPU.Build.0 = Debug|Any CPU
		{FB576DA3-0719-4698-AEA9-6DD320B85872}.Release|Any CPU.ActiveCfg = Release|Any CPU
		{FB576DA3-0719-4698-AEA9-6DD320B85872}.Release|Any CPU.Build.0 = Release|Any CPU
		{8CB9B597-8D5F-4EA2-8300-12ACD8332CF0}.Debug|Any CPU.ActiveCfg = Debug|Any CPU
		{8CB9B597-8D5F-4EA2-8300-12ACD8332CF0}.Debug|Any CPU.Build.0 = Debug|Any CPU
		{8CB9B597-8D5F-4EA2-8300-12ACD8332CF0}.Release|Any CPU.ActiveCfg = Release|Any CPU
		{8CB9B597-8D5F-4EA2-8300-12ACD8332CF0}.Release|Any CPU.Build.0 = Release|Any CPU
		{B7BBB63C-6A2A-485D-BFE4-9EDA5F3D07E8}.Debug|Any CPU.ActiveCfg = Debug|Any CPU
		{B7BBB63C-6A2A-485D-BFE4-9EDA5F3D07E8}.Debug|Any CPU.Build.0 = Debug|Any CPU
		{B7BBB63C-6A2A-485D-BFE4-9EDA5F3D07E8}.Release|Any CPU.ActiveCfg = Release|Any CPU
		{B7BBB63C-6A2A-485D-BFE4-9EDA5F3D07E8}.Release|Any CPU.Build.0 = Release|Any CPU
	EndGlobalSection
	GlobalSection(SolutionProperties) = preSolution
		HideSolutionNode = FALSE
	EndGlobalSection
	GlobalSection(NestedProjects) = preSolution
		{49029664-774C-4EAB-9306-E39744AB09F1} = {8FE77B30-D617-48EF-87A0-97BF2DD67F78}
		{B7BBB63C-6A2A-485D-BFE4-9EDA5F3D07E8} = {8FE77B30-D617-48EF-87A0-97BF2DD67F78}
	EndGlobalSection
	GlobalSection(ExtensibilityGlobals) = postSolution
		SolutionGuid = {7D238970-C3C4-48EF-B35E-328728F6BE14}
	EndGlobalSection
EndGlobal
